
Microsoft Visual Studio Solution File, Format Version 12.00
# Visual Studio Version 16
VisualStudioVersion = 16.0.31205.134
MinimumVisualStudioVersion = 10.0.40219.1
Project("{FAE04EC0-301F-11D3-BF4B-00C04F79EFBC}") = "QuanLyLuongNhanVien", "QuanLyLuongNhanVien\QuanLyLuongNhanVien.csproj", "{00F6CD84-4A2D-44F2-91E1-697A1F429D78}"
EndProject
Global
	GlobalSection(SolutionConfigurationPlatforms) = preSolution
		Debug|Any CPU = Debug|Any CPU
		Release|Any CPU = Release|Any CPU
	EndGlobalSection
	GlobalSection(ProjectConfigurationPlatforms) = postSolution
		{00F6CD84-4A2D-44F2-91E1-697A1F429D78}.Debug|Any CPU.ActiveCfg = Debug|Any CPU
		{00F6CD84-4A2D-44F2-91E1-697A1F429D78}.Debug|Any CPU.Build.0 = Debug|Any CPU
		{00F6CD84-4A2D-44F2-91E1-697A1F429D78}.Release|Any CPU.ActiveCfg = Release|Any CPU
		{00F6CD84-4A2D-44F2-91E1-697A1F429D78}.Release|Any CPU.Build.0 = Release|Any CPU
	EndGlobalSection
	GlobalSection(SolutionProperties) = preSolution
		HideSolutionNode = FALSE
	EndGlobalSection
	GlobalSection(ExtensibilityGlobals) = postSolution
		SolutionGuid = {BF804223-F8F5-4B6C-B9FA-24B04BDF2EC9}
	EndGlobalSection
EndGlobal
